
Microsoft Visual Studio Solution File, Format Version 12.00
Project("{FAE04EC0-301F-11D3-BF4B-00C04F79EFBC}") = "ScheduleIt.Service", "ScheduleIt.Service\ScheduleIt.Service.csproj", "{83532C61-0021-4588-83FA-E99EB64C5E8E}"
EndProject
Project("{FAE04EC0-301F-11D3-BF4B-00C04F79EFBC}") = "ScheduleIt.Business", "ScheduleIt.Business\ScheduleIt.Business.csproj", "{954512A3-D674-4F36-9CCE-971660B32FD4}"
EndProject
Project("{FAE04EC0-301F-11D3-BF4B-00C04F79EFBC}") = "ScheduleIt.Data", "ScheduleIt.Data\ScheduleIt.Data.csproj", "{B8DAC62E-216A-4C19-8F59-BE1C7D29C638}"
EndProject
Project("{FAE04EC0-301F-11D3-BF4B-00C04F79EFBC}") = "ScheduleIt.Interfaces", "ScheduleIt.Interfaces\ScheduleIt.Interfaces.csproj", "{50F71887-EE70-40E8-ADC5-D59DE4A6AD3B}"
EndProject
Project("{FAE04EC0-301F-11D3-BF4B-00C04F79EFBC}") = "ScheduleIt.Contracts", "ScheduleIt.Contracts\ScheduleIt.Contracts.csproj", "{C683F880-022C-48D7-91AB-7AC6CAC68B3B}"
EndProject
Project("{FAE04EC0-301F-11D3-BF4B-00C04F79EFBC}") = "ScheduleIt.DataAccess", "ScheduleIt.DataAccess\ScheduleIt.DataAccess.csproj", "{2DD1F166-BEC2-4C38-BB78-E4A6D8B17E27}"
EndProject
Global
	GlobalSection(SolutionConfigurationPlatforms) = preSolution
		Debug|Any CPU = Debug|Any CPU
		Release|Any CPU = Release|Any CPU
	EndGlobalSection
	GlobalSection(ProjectConfigurationPlatforms) = postSolution
		{83532C61-0021-4588-83FA-E99EB64C5E8E}.Debug|Any CPU.ActiveCfg = Debug|Any CPU
		{83532C61-0021-4588-83FA-E99EB64C5E8E}.Debug|Any CPU.Build.0 = Debug|Any CPU
		{83532C61-0021-4588-83FA-E99EB64C5E8E}.Release|Any CPU.ActiveCfg = Release|Any CPU
		{83532C61-0021-4588-83FA-E99EB64C5E8E}.Release|Any CPU.Build.0 = Release|Any CPU
		{954512A3-D674-4F36-9CCE-971660B32FD4}.Debug|Any CPU.ActiveCfg = Debug|Any CPU
		{954512A3-D674-4F36-9CCE-971660B32FD4}.Debug|Any CPU.Build.0 = Debug|Any CPU
		{954512A3-D674-4F36-9CCE-971660B32FD4}.Release|Any CPU.ActiveCfg = Release|Any CPU
		{954512A3-D674-4F36-9CCE-971660B32FD4}.Release|Any CPU.Build.0 = Release|Any CPU
		{B8DAC62E-216A-4C19-8F59-BE1C7D29C638}.Debug|Any CPU.ActiveCfg = Debug|Any CPU
		{B8DAC62E-216A-4C19-8F59-BE1C7D29C638}.Debug|Any CPU.Build.0 = Debug|Any CPU
		{B8DAC62E-216A-4C19-8F59-BE1C7D29C638}.Release|Any CPU.ActiveCfg = Release|Any CPU
		{B8DAC62E-216A-4C19-8F59-BE1C7D29C638}.Release|Any CPU.Build.0 = Release|Any CPU
		{50F71887-EE70-40E8-ADC5-D59DE4A6AD3B}.Debug|Any CPU.ActiveCfg = Debug|Any CPU
		{50F71887-EE70-40E8-ADC5-D59DE4A6AD3B}.Debug|Any CPU.Build.0 = Debug|Any CPU
		{50F71887-EE70-40E8-ADC5-D59DE4A6AD3B}.Release|Any CPU.ActiveCfg = Release|Any CPU
		{50F71887-EE70-40E8-ADC5-D59DE4A6AD3B}.Release|Any CPU.Build.0 = Release|Any CPU
		{C683F880-022C-48D7-91AB-7AC6CAC68B3B}.Debug|Any CPU.ActiveCfg = Debug|Any CPU
		{C683F880-022C-48D7-91AB-7AC6CAC68B3B}.Debug|Any CPU.Build.0 = Debug|Any CPU
		{C683F880-022C-48D7-91AB-7AC6CAC68B3B}.Release|Any CPU.ActiveCfg = Release|Any CPU
		{C683F880-022C-48D7-91AB-7AC6CAC68B3B}.Release|Any CPU.Build.0 = Release|Any CPU
		{2DD1F166-BEC2-4C38-BB78-E4A6D8B17E27}.Debug|Any CPU.ActiveCfg = Debug|Any CPU
		{2DD1F166-BEC2-4C38-BB78-E4A6D8B17E27}.Debug|Any CPU.Build.0 = Debug|Any CPU
		{2DD1F166-BEC2-4C38-BB78-E4A6D8B17E27}.Release|Any CPU.ActiveCfg = Release|Any CPU
		{2DD1F166-BEC2-4C38-BB78-E4A6D8B17E27}.Release|Any CPU.Build.0 = Release|Any CPU
	EndGlobalSection
EndGlobal
